
Microsoft Visual Studio Solution File, Format Version 12.00
# Visual Studio 15
VisualStudioVersion = 15.0.27130.2036
MinimumVisualStudioVersion = 10.0.40219.1
Project("{FAE04EC0-301F-11D3-BF4B-00C04F79EFBC}") = "locationserver", "locationserver\locationserver.csproj", "{B549A807-C5B2-4C3E-A350-9AF1D3BB982E}"
EndProject
Project("{FAE04EC0-301F-11D3-BF4B-00C04F79EFBC}") = "LocationServerInterface", "LocationServerInterface\LocationServerInterface.csproj", "{20ECBE63-3BC0-4323-8EAA-4F566DA203CA}"
EndProject
Global
	GlobalSection(SolutionConfigurationPlatforms) = preSolution
		Debug|Any CPU = Debug|Any CPU
		Release|Any CPU = Release|Any CPU
	EndGlobalSection
	GlobalSection(ProjectConfigurationPlatforms) = postSolution
		{B549A807-C5B2-4C3E-A350-9AF1D3BB982E}.Debug|Any CPU.ActiveCfg = Debug|Any CPU
		{B549A807-C5B2-4C3E-A350-9AF1D3BB982E}.Debug|Any CPU.Build.0 = Debug|Any CPU
		{B549A807-C5B2-4C3E-A350-9AF1D3BB982E}.Release|Any CPU.ActiveCfg = Release|Any CPU
		{B549A807-C5B2-4C3E-A350-9AF1D3BB982E}.Release|Any CPU.Build.0 = Release|Any CPU
		{20ECBE63-3BC0-4323-8EAA-4F566DA203CA}.Debug|Any CPU.ActiveCfg = Debug|Any CPU
		{20ECBE63-3BC0-4323-8EAA-4F566DA203CA}.Debug|Any CPU.Build.0 = Debug|Any CPU
		{20ECBE63-3BC0-4323-8EAA-4F566DA203CA}.Release|Any CPU.ActiveCfg = Release|Any CPU
		{20ECBE63-3BC0-4323-8EAA-4F566DA203CA}.Release|Any CPU.Build.0 = Release|Any CPU
	EndGlobalSection
	GlobalSection(SolutionProperties) = preSolution
		HideSolutionNode = FALSE
	EndGlobalSection
	GlobalSection(ExtensibilityGlobals) = postSolution
		SolutionGuid = {54DEDBA5-BBD6-46A8-BFE4-DAAA46378D4F}
	EndGlobalSection
EndGlobal
