
Microsoft Visual Studio Solution File, Format Version 12.00
# Visual Studio 15
VisualStudioVersion = 15.0.26730.16
MinimumVisualStudioVersion = 10.0.40219.1
Project("{FAE04EC0-301F-11D3-BF4B-00C04F79EFBC}") = "location", "location\location.csproj", "{F20C1C12-ADF2-4792-B566-83C7738A4531}"
EndProject
Global
	GlobalSection(SolutionConfigurationPlatforms) = preSolution
		Debug|Any CPU = Debug|Any CPU
		Release|Any CPU = Release|Any CPU
	EndGlobalSection
	GlobalSection(ProjectConfigurationPlatforms) = postSolution
		{F20C1C12-ADF2-4792-B566-83C7738A4531}.Debug|Any CPU.ActiveCfg = Debug|Any CPU
		{F20C1C12-ADF2-4792-B566-83C7738A4531}.Debug|Any CPU.Build.0 = Debug|Any CPU
		{F20C1C12-ADF2-4792-B566-83C7738A4531}.Release|Any CPU.ActiveCfg = Release|Any CPU
		{F20C1C12-ADF2-4792-B566-83C7738A4531}.Release|Any CPU.Build.0 = Release|Any CPU
	EndGlobalSection
	GlobalSection(SolutionProperties) = preSolution
		HideSolutionNode = FALSE
	EndGlobalSection
	GlobalSection(ExtensibilityGlobals) = postSolution
		SolutionGuid = {3124D2E1-3A87-4F01-B1C4-FD0BABC80B77}
	EndGlobalSection
EndGlobal
